
Microsoft Visual Studio Solution File, Format Version 12.00
# Visual Studio Version 17
VisualStudioVersion = 17.10.35013.160
MinimumVisualStudioVersion = 10.0.40219.1
Project("{8BC9CEB8-8B4A-11D0-8D11-00A0C91BC942}") = "IntroductionToOOP", "IntroductionToOOP\IntroductionToOOP.vcxproj", "{4C7ED73E-BDE2-416B-928B-8586862486BA}"
EndProject
Project("{8BC9CEB8-8B4A-11D0-8D11-00A0C91BC942}") = "Fraction", "Fraction\Fraction.vcxproj", "{0C564F9C-1E03-4EE9-9CAC-BF02F13155C9}"
EndProject
Project("{8BC9CEB8-8B4A-11D0-8D11-00A0C91BC942}") = "homework", "homework\homework.vcxproj", "{F8D16DB9-32AD-4DCD-AD55-F165F72B1B9C}"
EndProject
Global
	GlobalSection(SolutionConfigurationPlatforms) = preSolution
		Debug|x64 = Debug|x64
		Debug|x86 = Debug|x86
		Release|x64 = Release|x64
		Release|x86 = Release|x86
	EndGlobalSection
	GlobalSection(ProjectConfigurationPlatforms) = postSolution
		{4C7ED73E-BDE2-416B-928B-8586862486BA}.Debug|x64.ActiveCfg = Debug|x64
		{4C7ED73E-BDE2-416B-928B-8586862486BA}.Debug|x64.Build.0 = Debug|x64
		{4C7ED73E-BDE2-416B-928B-8586862486BA}.Debug|x86.ActiveCfg = Debug|Win32
		{4C7ED73E-BDE2-416B-928B-8586862486BA}.Debug|x86.Build.0 = Debug|Win32
		{4C7ED73E-BDE2-416B-928B-8586862486BA}.Release|x64.ActiveCfg = Release|x64
		{4C7ED73E-BDE2-416B-928B-8586862486BA}.Release|x64.Build.0 = Release|x64
		{4C7ED73E-BDE2-416B-928B-8586862486BA}.Release|x86.ActiveCfg = Release|Win32
		{4C7ED73E-BDE2-416B-928B-8586862486BA}.Release|x86.Build.0 = Release|Win32
		{0C564F9C-1E03-4EE9-9CAC-BF02F13155C9}.Debug|x64.ActiveCfg = Debug|x64
		{0C564F9C-1E03-4EE9-9CAC-BF02F13155C9}.Debug|x64.Build.0 = Debug|x64
		{0C564F9C-1E03-4EE9-9CAC-BF02F13155C9}.Debug|x86.ActiveCfg = Debug|Win32
		{0C564F9C-1E03-4EE9-9CAC-BF02F13155C9}.Debug|x86.Build.0 = Debug|Win32
		{0C564F9C-1E03-4EE9-9CAC-BF02F13155C9}.Release|x64.ActiveCfg = Release|x64
		{0C564F9C-1E03-4EE9-9CAC-BF02F13155C9}.Release|x64.Build.0 = Release|x64
		{0C564F9C-1E03-4EE9-9CAC-BF02F13155C9}.Release|x86.ActiveCfg = Release|Win32
		{0C564F9C-1E03-4EE9-9CAC-BF02F13155C9}.Release|x86.Build.0 = Release|Win32
		{F8D16DB9-32AD-4DCD-AD55-F165F72B1B9C}.Debug|x64.ActiveCfg = Debug|x64
		{F8D16DB9-32AD-4DCD-AD55-F165F72B1B9C}.Debug|x64.Build.0 = Debug|x64
		{F8D16DB9-32AD-4DCD-AD55-F165F72B1B9C}.Debug|x86.ActiveCfg = Debug|Win32
		{F8D16DB9-32AD-4DCD-AD55-F165F72B1B9C}.Debug|x86.Build.0 = Debug|Win32
		{F8D16DB9-32AD-4DCD-AD55-F165F72B1B9C}.Release|x64.ActiveCfg = Release|x64
		{F8D16DB9-32AD-4DCD-AD55-F165F72B1B9C}.Release|x64.Build.0 = Release|x64
		{F8D16DB9-32AD-4DCD-AD55-F165F72B1B9C}.Release|x86.ActiveCfg = Release|Win32
		{F8D16DB9-32AD-4DCD-AD55-F165F72B1B9C}.Release|x86.Build.0 = Release|Win32
	EndGlobalSection
	GlobalSection(SolutionProperties) = preSolution
		HideSolutionNode = FALSE
	EndGlobalSection
	GlobalSection(ExtensibilityGlobals) = postSolution
		SolutionGuid = {AF765075-C374-460B-B398-8CA771CF4ABD}
	EndGlobalSection
EndGlobal
